version = 1
revision = 3
requires-python = ">=3.13"

[[package]]
name = "docgen"
version = "0.1.0"
source = { virtual = "." }
dependencies = [
    { name = "mistune" },
]

[package.metadata]
requires-dist = [{ name = "mistune", specifier = ">=3.1.3" }]

[[package]]
name = "mistune"
version = "3.3.3"
source = { registry = "https://pypi.org/simple" }
sdist = { url = "https://files.pythonhosted.org/packages/7b/a5/2dab368d6950e6808904dec98f54c7e726ee7be4a0c6afe00e6e011bd52d/mistune-3.3.3.tar.gz", hash = "sha256:c4c6c0c840b8637a2e9b8b6d607eb7c8f00888bf14c754409bcd339e848c2477", size = 115363, upload-time = "2026-07-09T06:18:05.268Z" }
wheels = [
    { url = "https://files.pythonhosted.org/packages/89/70/b1e4737b84163db5bb1dfde6f216dbfbf32783330a9989c965e121172830/mistune-3.3.3-py3-none-any.whl", hash = "sha256:99de1585e42dcbd826faa9e11a202727a5e202e4e4722a4c69ac1ff615793dd7", size = 63569, upload-time = "2026-07-09T06:18:03.839Z" },
]
